
Microsoft Visual Studio Solution File, Format Version 12.00
# Visual Studio Version 17
VisualStudioVersion = 17.0.31903.59
MinimumVisualStudioVersion = 10.0.40219.1
Project("{FAE04EC0-301F-11D3-BF4B-00C04F79EFBC}") = "CryptoCurrency", "CryptoCurrency\CryptoCurrency.csproj", "{C8A29DD8-6B65-4CFC-8F61-09C241569801}"
EndProject
Global
	GlobalSection(SolutionConfigurationPlatforms) = preSolution
		Debug|Any CPU = Debug|Any CPU
		Release|Any CPU = Release|Any CPU
	EndGlobalSection
	GlobalSection(SolutionProperties) = preSolution
		HideSolutionNode = FALSE
	EndGlobalSection
	GlobalSection(ProjectConfigurationPlatforms) = postSolution
		{C8A29DD8-6B65-4CFC-8F61-09C241569801}.Debug|Any CPU.ActiveCfg = Debug|Any CPU
		{C8A29DD8-6B65-4CFC-8F61-09C241569801}.Debug|Any CPU.Build.0 = Debug|Any CPU
		{C8A29DD8-6B65-4CFC-8F61-09C241569801}.Release|Any CPU.ActiveCfg = Release|Any CPU
		{C8A29DD8-6B65-4CFC-8F61-09C241569801}.Release|Any CPU.Build.0 = Release|Any CPU
	EndGlobalSection
EndGlobal
